
Microsoft Visual Studio Solution File, Format Version 12.00
# Visual Studio Version 17
VisualStudioVersion = 17.0.31903.59
MinimumVisualStudioVersion = 10.0.40219.1
Project("{9A19103F-16F7-4668-BE54-9A1E7A4F7556}") = "FinancialApp.Tests", "FinancialApp.Tests\FinancialApp.Tests.csproj", "{4942377C-4378-41FD-9E28-AE50C4D74BB8}"
EndProject
Project("{9A19103F-16F7-4668-BE54-9A1E7A4F7556}") = "FinancialApp", "FinancialApp\FinancialApp.csproj", "{49890EC0-EB62-41F4-8F8A-87DD9EA923EC}"
EndProject
Global
	GlobalSection(SolutionConfigurationPlatforms) = preSolution
		Debug|Any CPU = Debug|Any CPU
		Release|Any CPU = Release|Any CPU
	EndGlobalSection
	GlobalSection(ProjectConfigurationPlatforms) = postSolution
		{4942377C-4378-41FD-9E28-AE50C4D74BB8}.Debug|Any CPU.ActiveCfg = Debug|Any CPU
		{4942377C-4378-41FD-9E28-AE50C4D74BB8}.Debug|Any CPU.Build.0 = Debug|Any CPU
		{4942377C-4378-41FD-9E28-AE50C4D74BB8}.Release|Any CPU.ActiveCfg = Release|Any CPU
		{4942377C-4378-41FD-9E28-AE50C4D74BB8}.Release|Any CPU.Build.0 = Release|Any CPU
		{49890EC0-EB62-41F4-8F8A-87DD9EA923EC}.Debug|Any CPU.ActiveCfg = Debug|Any CPU
		{49890EC0-EB62-41F4-8F8A-87DD9EA923EC}.Debug|Any CPU.Build.0 = Debug|Any CPU
		{49890EC0-EB62-41F4-8F8A-87DD9EA923EC}.Release|Any CPU.ActiveCfg = Release|Any CPU
		{49890EC0-EB62-41F4-8F8A-87DD9EA923EC}.Release|Any CPU.Build.0 = Release|Any CPU
	EndGlobalSection
	GlobalSection(SolutionProperties) = preSolution
		HideSolutionNode = FALSE
	EndGlobalSection
	GlobalSection(ExtensibilityGlobals) = postSolution
		SolutionGuid = {B30C02B9-5159-4BE9-B9B0-F4F910497844}
	EndGlobalSection
EndGlobal
